
Microsoft Visual Studio Solution File, Format Version 12.00
# Visual Studio Version 16
VisualStudioVersion = 16.0.29613.14
MinimumVisualStudioVersion = 10.0.40219.1
Project("{9A19103F-16F7-4668-BE54-9A1E7A4F7556}") = "TTWork.WeiXinMiddleware", "TTWork.WeiXinMiddleware.csproj", "{F04557E4-B4E3-42FF-AB05-4820D98FDBC8}"
EndProject
Global
	GlobalSection(SolutionConfigurationPlatforms) = preSolution
		Debug|Any CPU = Debug|Any CPU
		Release|Any CPU = Release|Any CPU
	EndGlobalSection
	GlobalSection(ProjectConfigurationPlatforms) = postSolution
		{F04557E4-B4E3-42FF-AB05-4820D98FDBC8}.Debug|Any CPU.ActiveCfg = Debug|Any CPU
		{F04557E4-B4E3-42FF-AB05-4820D98FDBC8}.Debug|Any CPU.Build.0 = Debug|Any CPU
		{F04557E4-B4E3-42FF-AB05-4820D98FDBC8}.Release|Any CPU.ActiveCfg = Release|Any CPU
		{F04557E4-B4E3-42FF-AB05-4820D98FDBC8}.Release|Any CPU.Build.0 = Release|Any CPU
	EndGlobalSection
	GlobalSection(SolutionProperties) = preSolution
		HideSolutionNode = FALSE
	EndGlobalSection
	GlobalSection(ExtensibilityGlobals) = postSolution
		SolutionGuid = {0429A632-1C92-4C76-BB20-31BFD56806F1}
	EndGlobalSection
EndGlobal
